{
  "requires": true,
  "lockfileVersion": 1,
  "dependencies": {
    "ng2-imageupload": {
      "version": "1.4.2",
      "resolved": "https://registry.npmjs.org/ng2-imageupload/-/ng2-imageupload-1.4.2.tgz",
      "integrity": "sha1-7s5mnLlDFxgdZnb2Xu7mwBoztQ0="
    },
    "primeicons": {
      "version": "4.1.0",
      "resolved": "https://registry.npmjs.org/primeicons/-/primeicons-4.1.0.tgz",
      "integrity": "sha512-uEv2pSPk1zQCfaB2VgnUfnUxxlGryYi+5rbdxmZBBt5v9S/pscIQYS5YDLxsQZ7D9jn5c76+Tx5wX/2J1nK6sA=="
    }
  }
}
